// !$*UTF8*$!
{
	archiveVersion = 1;
	classes = {
	};
	objectVersion = 46;
	objects = {

/* Begin PBXBuildFile section */
		B604D3DC1CD1694E00593241 /* Rosenbrock.cpp in Sources */ = {isa = PBXBuildFile; fileRef = B604D3DB1CD1694E00593241 /* Rosenbrock.cpp */; };
		B604D3E71CD1696600593241 /* Rosenbrock-MPI.cpp in Sources */ = {isa = PBXBuildFile; fileRef = B604D3E61CD1696600593241 /* Rosenbrock-MPI.cpp */; };
		B61D3EE71CD9E5F900653829 /* main.c in Sources */ = {isa = PBXBuildFile; fileRef = B61D3EE61CD9E5F900653829 /* main.c */; };
		B6E3AD591CD698D60072BD4F /* libmpi.12.dylib in Frameworks */ = {isa = PBXBuildFile; fileRef = B6E3AD571CD698D60072BD4F /* libmpi.12.dylib */; };
		B6E3AD5A1CD698D60072BD4F /* libmpicxx.12.dylib in Frameworks */ = {isa = PBXBuildFile; fileRef = B6E3AD581CD698D60072BD4F /* libmpicxx.12.dylib */; };
/* End PBXBuildFile section */

/* Begin PBXCopyFilesBuildPhase section */
		B604D3D61CD1694E00593241 /* CopyFiles */ = {
			isa = PBXCopyFilesBuildPhase;
			buildActionMask = 2147483647;
			dstPath = /usr/share/man/man1/;
			dstSubfolderSpec = 0;
			files = (
			);
			runOnlyForDeploymentPostprocessing = 1;
		};
		B604D3E21CD1696600593241 /* CopyFiles */ = {
			isa = PBXCopyFilesBuildPhase;
			buildActionMask = 2147483647;
			dstPath = /usr/share/man/man1/;
			dstSubfolderSpec = 0;
			files = (
			);
			runOnlyForDeploymentPostprocessing = 1;
		};
		B61D3EE21CD9E5F900653829 /* CopyFiles */ = {
			isa = PBXCopyFilesBuildPhase;
			buildActionMask = 2147483647;
			dstPath = /usr/share/man/man1/;
			dstSubfolderSpec = 0;
			files = (
			);
			runOnlyForDeploymentPostprocessing = 1;
		};
/* End PBXCopyFilesBuildPhase section */

/* Begin PBXFileReference section */
		B604D3D81CD1694E00593241 /* Rosenbrock */ = {isa = PBXFileReference; explicitFileType = "compiled.mach-o.executable"; includeInIndex = 0; path = Rosenbrock; sourceTree = BUILT_PRODUCTS_DIR; };
		B604D3DB1CD1694E00593241 /* Rosenbrock.cpp */ = {isa = PBXFileReference; lastKnownFileType = sourcecode.cpp.cpp; path = Rosenbrock.cpp; sourceTree = "<group>"; };
		B604D3E41CD1696600593241 /* Rosenbrock-MPI */ = {isa = PBXFileReference; explicitFileType = "compiled.mach-o.executable"; includeInIndex = 0; path = "Rosenbrock-MPI"; sourceTree = BUILT_PRODUCTS_DIR; };
		B604D3E61CD1696600593241 /* Rosenbrock-MPI.cpp */ = {isa = PBXFileReference; lastKnownFileType = sourcecode.cpp.cpp; path = "Rosenbrock-MPI.cpp"; sourceTree = "<group>"; };
		B61D3EBC1CD8114F00653829 /* LDLUtility.h */ = {isa = PBXFileReference; fileEncoding = 4; lastKnownFileType = sourcecode.c.h; path = LDLUtility.h; sourceTree = "<group>"; };
		B61D3EBD1CD8114F00653829 /* MatrixUtility.h */ = {isa = PBXFileReference; fileEncoding = 4; lastKnownFileType = sourcecode.c.h; path = MatrixUtility.h; sourceTree = "<group>"; };
		B61D3EE41CD9E5F900653829 /* Tridiagnoal_Example */ = {isa = PBXFileReference; explicitFileType = "compiled.mach-o.executable"; includeInIndex = 0; path = Tridiagnoal_Example; sourceTree = BUILT_PRODUCTS_DIR; };
		B61D3EE61CD9E5F900653829 /* main.c */ = {isa = PBXFileReference; lastKnownFileType = sourcecode.c.c; path = main.c; sourceTree = "<group>"; };
		B6E3AD571CD698D60072BD4F /* libmpi.12.dylib */ = {isa = PBXFileReference; lastKnownFileType = "compiled.mach-o.dylib"; name = libmpi.12.dylib; path = ../../../../../usr/local/Cellar/mpich/3.2/lib/libmpi.12.dylib; sourceTree = "<group>"; };
		B6E3AD581CD698D60072BD4F /* libmpicxx.12.dylib */ = {isa = PBXFileReference; lastKnownFileType = "compiled.mach-o.dylib"; name = libmpicxx.12.dylib; path = ../../../../../usr/local/Cellar/mpich/3.2/lib/libmpicxx.12.dylib; sourceTree = "<group>"; };
/* End PBXFileReference section */

/* Begin PBXFrameworksBuildPhase section */
		B604D3D51CD1694E00593241 /* Frameworks */ = {
			isa = PBXFrameworksBuildPhase;
			buildActionMask = 2147483647;
			files = (
			);
			runOnlyForDeploymentPostprocessing = 0;
		};
		B604D3E11CD1696600593241 /* Frameworks */ = {
			isa = PBXFrameworksBuildPhase;
			buildActionMask = 2147483647;
			files = (
				B6E3AD591CD698D60072BD4F /* libmpi.12.dylib in Frameworks */,
				B6E3AD5A1CD698D60072BD4F /* libmpicxx.12.dylib in Frameworks */,
			);
			runOnlyForDeploymentPostprocessing = 0;
		};
		B61D3EE11CD9E5F900653829 /* Frameworks */ = {
			isa = PBXFrameworksBuildPhase;
			buildActionMask = 2147483647;
			files = (
			);
			runOnlyForDeploymentPostprocessing = 0;
		};
/* End PBXFrameworksBuildPhase section */

/* Begin PBXGroup section */
		B604D3CD1CD1685800593241 = {
			isa = PBXGroup;
			children = (
				B6E3AD571CD698D60072BD4F /* libmpi.12.dylib */,
				B6E3AD581CD698D60072BD4F /* libmpicxx.12.dylib */,
				B604D3DA1CD1694E00593241 /* Rosenbrock */,
				B604D3E51CD1696600593241 /* Rosenbrock-MPI */,
				B61D3EE51CD9E5F900653829 /* Tridiagnoal_Example */,
				B604D3D91CD1694E00593241 /* Products */,
			);
			sourceTree = "<group>";
		};
		B604D3D91CD1694E00593241 /* Products */ = {
			isa = PBXGroup;
			children = (
				B604D3D81CD1694E00593241 /* Rosenbrock */,
				B604D3E41CD1696600593241 /* Rosenbrock-MPI */,
				B61D3EE41CD9E5F900653829 /* Tridiagnoal_Example */,
			);
			name = Products;
			sourceTree = "<group>";
		};
		B604D3DA1CD1694E00593241 /* Rosenbrock */ = {
			isa = PBXGroup;
			children = (
				B604D3DB1CD1694E00593241 /* Rosenbrock.cpp */,
			);
			path = Rosenbrock;
			sourceTree = "<group>";
		};
		B604D3E51CD1696600593241 /* Rosenbrock-MPI */ = {
			isa = PBXGroup;
			children = (
				B604D3E61CD1696600593241 /* Rosenbrock-MPI.cpp */,
				B61D3EBC1CD8114F00653829 /* LDLUtility.h */,
				B61D3EBD1CD8114F00653829 /* MatrixUtility.h */,
			);
			path = "Rosenbrock-MPI";
			sourceTree = "<group>";
		};
		B61D3EE51CD9E5F900653829 /* Tridiagnoal_Example */ = {
			isa = PBXGroup;
			children = (
				B61D3EE61CD9E5F900653829 /* main.c */,
			);
			path = Tridiagnoal_Example;
			sourceTree = "<group>";
		};
/* End PBXGroup section */

/* Begin PBXNativeTarget section */
		B604D3D71CD1694E00593241 /* Rosenbrock */ = {
			isa = PBXNativeTarget;
			buildConfigurationList = B604D3DD1CD1694E00593241 /* Build configuration list for PBXNativeTarget "Rosenbrock" */;
			buildPhases = (
				B604D3D41CD1694E00593241 /* Sources */,
				B604D3D51CD1694E00593241 /* Frameworks */,
				B604D3D61CD1694E00593241 /* CopyFiles */,
			);
			buildRules = (
			);
			dependencies = (
			);
			name = Rosenbrock;
			productName = Rosenbrock;
			productReference = B604D3D81CD1694E00593241 /* Rosenbrock */;
			productType = "com.apple.product-type.tool";
		};
		B604D3E31CD1696600593241 /* Rosenbrock-MPI */ = {
			isa = PBXNativeTarget;
			buildConfigurationList = B604D3E81CD1696600593241 /* Build configuration list for PBXNativeTarget "Rosenbrock-MPI" */;
			buildPhases = (
				B604D3E01CD1696600593241 /* Sources */,
				B604D3E11CD1696600593241 /* Frameworks */,
				B604D3E21CD1696600593241 /* CopyFiles */,
			);
			buildRules = (
			);
			dependencies = (
			);
			name = "Rosenbrock-MPI";
			productName = "Rosenbrock-MPI";
			productReference = B604D3E41CD1696600593241 /* Rosenbrock-MPI */;
			productType = "com.apple.product-type.tool";
		};
		B61D3EE31CD9E5F900653829 /* Tridiagnoal_Example */ = {
			isa = PBXNativeTarget;
			buildConfigurationList = B61D3EE81CD9E5F900653829 /* Build configuration list for PBXNativeTarget "Tridiagnoal_Example" */;
			buildPhases = (
				B61D3EE01CD9E5F900653829 /* Sources */,
				B61D3EE11CD9E5F900653829 /* Frameworks */,
				B61D3EE21CD9E5F900653829 /* CopyFiles */,
			);
			buildRules = (
			);
			dependencies = (
			);
			name = Tridiagnoal_Example;
			productName = Tridiagnoal_Example;
			productReference = B61D3EE41CD9E5F900653829 /* Tridiagnoal_Example */;
			productType = "com.apple.product-type.tool";
		};
/* End PBXNativeTarget section */

/* Begin PBXProject section */
		B604D3CE1CD1685800593241 /* Project object */ = {
			isa = PBXProject;
			attributes = {
				LastUpgradeCheck = 0730;
				TargetAttributes = {
					B604D3D71CD1694E00593241 = {
						CreatedOnToolsVersion = 7.3;
					};
					B604D3E31CD1696600593241 = {
						CreatedOnToolsVersion = 7.3;
					};
					B61D3EE31CD9E5F900653829 = {
						CreatedOnToolsVersion = 7.3;
					};
				};
			};
			buildConfigurationList = B604D3D11CD1685800593241 /* Build configuration list for PBXProject "Newton's Method" */;
			compatibilityVersion = "Xcode 3.2";
			developmentRegion = English;
			hasScannedForEncodings = 0;
			knownRegions = (
				en,
			);
			mainGroup = B604D3CD1CD1685800593241;
			productRefGroup = B604D3D91CD1694E00593241 /* Products */;
			projectDirPath = "";
			projectRoot = "";
			targets = (
				B604D3D71CD1694E00593241 /* Rosenbrock */,
				B604D3E31CD1696600593241 /* Rosenbrock-MPI */,
				B61D3EE31CD9E5F900653829 /* Tridiagnoal_Example */,
			);
		};
/* End PBXProject section */

/* Begin PBXSourcesBuildPhase section */
		B604D3D41CD1694E00593241 /* Sources */ = {
			isa = PBXSourcesBuildPhase;
			buildActionMask = 2147483647;
			files = (
				B604D3DC1CD1694E00593241 /* Rosenbrock.cpp in Sources */,
			);
			runOnlyForDeploymentPostprocessing = 0;
		};
		B604D3E01CD1696600593241 /* Sources */ = {
			isa = PBXSourcesBuildPhase;
			buildActionMask = 2147483647;
			files = (
				B604D3E71CD1696600593241 /* Rosenbrock-MPI.cpp in Sources */,
			);
			runOnlyForDeploymentPostprocessing = 0;
		};
		B61D3EE01CD9E5F900653829 /* Sources */ = {
			isa = PBXSourcesBuildPhase;
			buildActionMask = 2147483647;
			files = (
				B61D3EE71CD9E5F900653829 /* main.c in Sources */,
			);
			runOnlyForDeploymentPostprocessing = 0;
		};
/* End PBXSourcesBuildPhase section */

/* Begin XCBuildConfiguration section */
		B604D3D21CD1685800593241 /* Debug */ = {
			isa = XCBuildConfiguration;
			buildSettings = {
			};
			name = Debug;
		};
		B604D3D31CD1685800593241 /* Release */ = {
			isa = XCBuildConfiguration;
			buildSettings = {
			};
			name = Release;
		};
		B604D3DE1CD1694E00593241 /* Debug */ = {
			isa = XCBuildConfiguration;
			buildSettings = {
				ALWAYS_SEARCH_USER_PATHS = NO;
				CLANG_ANALYZER_NONNULL = YES;
				CLANG_CXX_LANGUAGE_STANDARD = "gnu++0x";
				CLANG_CXX_LIBRARY = "libc++";
				CLANG_ENABLE_MODULES = YES;
				CLANG_ENABLE_OBJC_ARC = YES;
				CLANG_WARN_BOOL_CONVERSION = YES;
				CLANG_WARN_CONSTANT_CONVERSION = YES;
				CLANG_WARN_DIRECT_OBJC_ISA_USAGE = YES_ERROR;
				CLANG_WARN_EMPTY_BODY = YES;
				CLANG_WARN_ENUM_CONVERSION = YES;
				CLANG_WARN_INT_CONVERSION = YES;
				CLANG_WARN_OBJC_ROOT_CLASS = YES_ERROR;
				CLANG_WARN_UNREACHABLE_CODE = YES;
				CLANG_WARN__DUPLICATE_METHOD_MATCH = YES;
				CODE_SIGN_IDENTITY = "-";
				COPY_PHASE_STRIP = NO;
				DEBUG_INFORMATION_FORMAT = dwarf;
				ENABLE_STRICT_OBJC_MSGSEND = YES;
				ENABLE_TESTABILITY = YES;
				GCC_C_LANGUAGE_STANDARD = gnu99;
				GCC_DYNAMIC_NO_PIC = NO;
				GCC_NO_COMMON_BLOCKS = YES;
				GCC_OPTIMIZATION_LEVEL = 0;
				GCC_PREPROCESSOR_DEFINITIONS = (
					"DEBUG=1",
					"$(inherited)",
				);
				GCC_WARN_64_TO_32_BIT_CONVERSION = YES;
				GCC_WARN_ABOUT_RETURN_TYPE = YES_ERROR;
				GCC_WARN_UNDECLARED_SELECTOR = YES;
				GCC_WARN_UNINITIALIZED_AUTOS = YES_AGGRESSIVE;
				GCC_WARN_UNUSED_FUNCTION = YES;
				GCC_WARN_UNUSED_VARIABLE = YES;
				MACOSX_DEPLOYMENT_TARGET = 10.11;
				MTL_ENABLE_DEBUG_INFO = YES;
				ONLY_ACTIVE_ARCH = YES;
				PRODUCT_NAME = "$(TARGET_NAME)";
				SDKROOT = macosx;
			};
			name = Debug;
		};
		B604D3DF1CD1694E00593241 /* Release */ = {
			isa = XCBuildConfiguration;
			buildSettings = {
				ALWAYS_SEARCH_USER_PATHS = NO;
				CLANG_ANALYZER_NONNULL = YES;
				CLANG_CXX_LANGUAGE_STANDARD = "gnu++0x";
				CLANG_CXX_LIBRARY = "libc++";
				CLANG_ENABLE_MODULES = YES;
				CLANG_ENABLE_OBJC_ARC = YES;
				CLANG_WARN_BOOL_CONVERSION = YES;
				CLANG_WARN_CONSTANT_CONVERSION = YES;
				CLANG_WARN_DIRECT_OBJC_ISA_USAGE = YES_ERROR;
				CLANG_WARN_EMPTY_BODY = YES;
				CLANG_WARN_ENUM_CONVERSION = YES;
				CLANG_WARN_INT_CONVERSION = YES;
				CLANG_WARN_OBJC_ROOT_CLASS = YES_ERROR;
				CLANG_WARN_UNREACHABLE_CODE = YES;
				CLANG_WARN__DUPLICATE_METHOD_MATCH = YES;
				CODE_SIGN_IDENTITY = "-";
				COPY_PHASE_STRIP = NO;
				DEBUG_INFORMATION_FORMAT = "dwarf-with-dsym";
				ENABLE_NS_ASSERTIONS = NO;
				ENABLE_STRICT_OBJC_MSGSEND = YES;
				GCC_C_LANGUAGE_STANDARD = gnu99;
				GCC_NO_COMMON_BLOCKS = YES;
				GCC_WARN_64_TO_32_BIT_CONVERSION = YES;
				GCC_WARN_ABOUT_RETURN_TYPE = YES_ERROR;
				GCC_WARN_UNDECLARED_SELECTOR = YES;
				GCC_WARN_UNINITIALIZED_AUTOS = YES_AGGRESSIVE;
				GCC_WARN_UNUSED_FUNCTION = YES;
				GCC_WARN_UNUSED_VARIABLE = YES;
				MACOSX_DEPLOYMENT_TARGET = 10.11;
				MTL_ENABLE_DEBUG_INFO = NO;
				PRODUCT_NAME = "$(TARGET_NAME)";
				SDKROOT = macosx;
			};
			name = Release;
		};
		B604D3E91CD1696600593241 /* Debug */ = {
			isa = XCBuildConfiguration;
			buildSettings = {
				ALWAYS_SEARCH_USER_PATHS = NO;
				CLANG_ANALYZER_NONNULL = YES;
				CLANG_CXX_LANGUAGE_STANDARD = "gnu++0x";
				CLANG_CXX_LIBRARY = "libc++";
				CLANG_ENABLE_MODULES = YES;
				CLANG_ENABLE_OBJC_ARC = YES;
				CLANG_WARN_BOOL_CONVERSION = YES;
				CLANG_WARN_CONSTANT_CONVERSION = YES;
				CLANG_WARN_DIRECT_OBJC_ISA_USAGE = YES_ERROR;
				CLANG_WARN_EMPTY_BODY = YES;
				CLANG_WARN_ENUM_CONVERSION = YES;
				CLANG_WARN_INT_CONVERSION = YES;
				CLANG_WARN_OBJC_ROOT_CLASS = YES_ERROR;
				CLANG_WARN_UNREACHABLE_CODE = YES;
				CLANG_WARN__DUPLICATE_METHOD_MATCH = YES;
				CODE_SIGN_IDENTITY = "-";
				COPY_PHASE_STRIP = NO;
				DEBUG_INFORMATION_FORMAT = dwarf;
				ENABLE_STRICT_OBJC_MSGSEND = YES;
				ENABLE_TESTABILITY = YES;
				GCC_C_LANGUAGE_STANDARD = gnu99;
				GCC_DYNAMIC_NO_PIC = NO;
				GCC_NO_COMMON_BLOCKS = YES;
				GCC_OPTIMIZATION_LEVEL = 0;
				GCC_PREPROCESSOR_DEFINITIONS = (
					"DEBUG=1",
					"$(inherited)",
				);
				GCC_WARN_64_TO_32_BIT_CONVERSION = YES;
				GCC_WARN_ABOUT_RETURN_TYPE = YES_ERROR;
				GCC_WARN_UNDECLARED_SELECTOR = YES;
				GCC_WARN_UNINITIALIZED_AUTOS = YES_AGGRESSIVE;
				GCC_WARN_UNUSED_FUNCTION = YES;
				GCC_WARN_UNUSED_VARIABLE = YES;
				HEADER_SEARCH_PATHS = "/usr/local/Cellar/mpich/3.2/include/**";
				LIBRARY_SEARCH_PATHS = (
					"$(inherited)",
					"$(PROJECT_DIR)/Rosenbrock-MPI",
					/usr/local/Cellar/mpich/3.2/lib,
				);
				MACOSX_DEPLOYMENT_TARGET = 10.11;
				MTL_ENABLE_DEBUG_INFO = YES;
				ONLY_ACTIVE_ARCH = YES;
				PRODUCT_NAME = "$(TARGET_NAME)";
				SDKROOT = macosx;
			};
			name = Debug;
		};
		B604D3EA1CD1696600593241 /* Release */ = {
			isa = XCBuildConfiguration;
			buildSettings = {
				ALWAYS_SEARCH_USER_PATHS = NO;
				CLANG_ANALYZER_NONNULL = YES;
				CLANG_CXX_LANGUAGE_STANDARD = "gnu++0x";
				CLANG_CXX_LIBRARY = "libc++";
				CLANG_ENABLE_MODULES = YES;
				CLANG_ENABLE_OBJC_ARC = YES;
				CLANG_WARN_BOOL_CONVERSION = YES;
				CLANG_WARN_CONSTANT_CONVERSION = YES;
				CLANG_WARN_DIRECT_OBJC_ISA_USAGE = YES_ERROR;
				CLANG_WARN_EMPTY_BODY = YES;
				CLANG_WARN_ENUM_CONVERSION = YES;
				CLANG_WARN_INT_CONVERSION = YES;
				CLANG_WARN_OBJC_ROOT_CLASS = YES_ERROR;
				CLANG_WARN_UNREACHABLE_CODE = YES;
				CLANG_WARN__DUPLICATE_METHOD_MATCH = YES;
				CODE_SIGN_IDENTITY = "-";
				COPY_PHASE_STRIP = NO;
				DEBUG_INFORMATION_FORMAT = "dwarf-with-dsym";
				ENABLE_NS_ASSERTIONS = NO;
				ENABLE_STRICT_OBJC_MSGSEND = YES;
				GCC_C_LANGUAGE_STANDARD = gnu99;
				GCC_NO_COMMON_BLOCKS = YES;
				GCC_WARN_64_TO_32_BIT_CONVERSION = YES;
				GCC_WARN_ABOUT_RETURN_TYPE = YES_ERROR;
				GCC_WARN_UNDECLARED_SELECTOR = YES;
				GCC_WARN_UNINITIALIZED_AUTOS = YES_AGGRESSIVE;
				GCC_WARN_UNUSED_FUNCTION = YES;
				GCC_WARN_UNUSED_VARIABLE = YES;
				HEADER_SEARCH_PATHS = "/usr/local/Cellar/mpich/3.2/include/**";
				LIBRARY_SEARCH_PATHS = (
					"$(inherited)",
					"$(PROJECT_DIR)/Rosenbrock-MPI",
					/usr/local/Cellar/mpich/3.2/lib,
				);
				MACOSX_DEPLOYMENT_TARGET = 10.11;
				MTL_ENABLE_DEBUG_INFO = NO;
				PRODUCT_NAME = "$(TARGET_NAME)";
				SDKROOT = macosx;
			};
			name = Release;
		};
		B61D3EE91CD9E5F900653829 /* Debug */ = {
			isa = XCBuildConfiguration;
			buildSettings = {
				ALWAYS_SEARCH_USER_PATHS = NO;
				CLANG_ANALYZER_NONNULL = YES;
				CLANG_CXX_LANGUAGE_STANDARD = "gnu++0x";
				CLANG_CXX_LIBRARY = "libc++";
				CLANG_ENABLE_MODULES = YES;
				CLANG_ENABLE_OBJC_ARC = YES;
				CLANG_WARN_BOOL_CONVERSION = YES;
				CLANG_WARN_CONSTANT_CONVERSION = YES;
				CLANG_WARN_DIRECT_OBJC_ISA_USAGE = YES_ERROR;
				CLANG_WARN_EMPTY_BODY = YES;
				CLANG_WARN_ENUM_CONVERSION = YES;
				CLANG_WARN_INT_CONVERSION = YES;
				CLANG_WARN_OBJC_ROOT_CLASS = YES_ERROR;
				CLANG_WARN_UNREACHABLE_CODE = YES;
				CLANG_WARN__DUPLICATE_METHOD_MATCH = YES;
				CODE_SIGN_IDENTITY = "-";
				COPY_PHASE_STRIP = NO;
				DEBUG_INFORMATION_FORMAT = dwarf;
				ENABLE_STRICT_OBJC_MSGSEND = YES;
				ENABLE_TESTABILITY = YES;
				GCC_C_LANGUAGE_STANDARD = gnu99;
				GCC_DYNAMIC_NO_PIC = NO;
				GCC_NO_COMMON_BLOCKS = YES;
				GCC_OPTIMIZATION_LEVEL = 0;
				GCC_PREPROCESSOR_DEFINITIONS = (
					"DEBUG=1",
					"$(inherited)",
				);
				GCC_WARN_64_TO_32_BIT_CONVERSION = YES;
				GCC_WARN_ABOUT_RETURN_TYPE = YES_ERROR;
				GCC_WARN_UNDECLARED_SELECTOR = YES;
				GCC_WARN_UNINITIALIZED_AUTOS = YES_AGGRESSIVE;
				GCC_WARN_UNUSED_FUNCTION = YES;
				GCC_WARN_UNUSED_VARIABLE = YES;
				MACOSX_DEPLOYMENT_TARGET = 10.11;
				MTL_ENABLE_DEBUG_INFO = YES;
				ONLY_ACTIVE_ARCH = YES;
				PRODUCT_NAME = "$(TARGET_NAME)";
				SDKROOT = macosx;
			};
			name = Debug;
		};
		B61D3EEA1CD9E5F900653829 /* Release */ = {
			isa = XCBuildConfiguration;
			buildSettings = {
				ALWAYS_SEARCH_USER_PATHS = NO;
				CLANG_ANALYZER_NONNULL = YES;
				CLANG_CXX_LANGUAGE_STANDARD = "gnu++0x";
				CLANG_CXX_LIBRARY = "libc++";
				CLANG_ENABLE_MODULES = YES;
				CLANG_ENABLE_OBJC_ARC = YES;
				CLANG_WARN_BOOL_CONVERSION = YES;
				CLANG_WARN_CONSTANT_CONVERSION = YES;
				CLANG_WARN_DIRECT_OBJC_ISA_USAGE = YES_ERROR;
				CLANG_WARN_EMPTY_BODY = YES;
				CLANG_WARN_ENUM_CONVERSION = YES;
				CLANG_WARN_INT_CONVERSION = YES;
				CLANG_WARN_OBJC_ROOT_CLASS = YES_ERROR;
				CLANG_WARN_UNREACHABLE_CODE = YES;
				CLANG_WARN__DUPLICATE_METHOD_MATCH = YES;
				CODE_SIGN_IDENTITY = "-";
				COPY_PHASE_STRIP = NO;
				DEBUG_INFORMATION_FORMAT = "dwarf-with-dsym";
				ENABLE_NS_ASSERTIONS = NO;
				ENABLE_STRICT_OBJC_MSGSEND = YES;
				GCC_C_LANGUAGE_STANDARD = gnu99;
				GCC_NO_COMMON_BLOCKS = YES;
				GCC_WARN_64_TO_32_BIT_CONVERSION = YES;
				GCC_WARN_ABOUT_RETURN_TYPE = YES_ERROR;
				GCC_WARN_UNDECLARED_SELECTOR = YES;
				GCC_WARN_UNINITIALIZED_AUTOS = YES_AGGRESSIVE;
				GCC_WARN_UNUSED_FUNCTION = YES;
				GCC_WARN_UNUSED_VARIABLE = YES;
				MACOSX_DEPLOYMENT_TARGET = 10.11;
				MTL_ENABLE_DEBUG_INFO = NO;
				PRODUCT_NAME = "$(TARGET_NAME)";
				SDKROOT = macosx;
			};
			name = Release;
		};
/* End XCBuildConfiguration section */

/* Begin XCConfigurationList section */
		B604D3D11CD1685800593241 /* Build configuration list for PBXProject "Newton's Method" */ = {
			isa = XCConfigurationList;
			buildConfigurations = (
				B604D3D21CD1685800593241 /* Debug */,
				B604D3D31CD1685800593241 /* Release */,
			);
			defaultConfigurationIsVisible = 0;
			defaultConfigurationName = Release;
		};
		B604D3DD1CD1694E00593241 /* Build configuration list for PBXNativeTarget "Rosenbrock" */ = {
			isa = XCConfigurationList;
			buildConfigurations = (
				B604D3DE1CD1694E00593241 /* Debug */,
				B604D3DF1CD1694E00593241 /* Release */,
			);
			defaultConfigurationIsVisible = 0;
			defaultConfigurationName = Release;
		};
		B604D3E81CD1696600593241 /* Build configuration list for PBXNativeTarget "Rosenbrock-MPI" */ = {
			isa = XCConfigurationList;
			buildConfigurations = (
				B604D3E91CD1696600593241 /* Debug */,
				B604D3EA1CD1696600593241 /* Release */,
			);
			defaultConfigurationIsVisible = 0;
			defaultConfigurationName = Release;
		};
		B61D3EE81CD9E5F900653829 /* Build configuration list for PBXNativeTarget "Tridiagnoal_Example" */ = {
			isa = XCConfigurationList;
			buildConfigurations = (
				B61D3EE91CD9E5F900653829 /* Debug */,
				B61D3EEA1CD9E5F900653829 /* Release */,
			);
			defaultConfigurationIsVisible = 0;
		};
/* End XCConfigurationList section */
	};
	rootObject = B604D3CE1CD1685800593241 /* Project object */;
}
